
Microsoft Visual Studio Solution File, Format Version 12.00
# Visual Studio 15
VisualStudioVersion = 15.0.28307.572
MinimumVisualStudioVersion = 10.0.40219.1
Project("{F2A71F9B-5D33-465A-A702-920D77279786}") = "Transactions", "Transactions\Transactions.fsproj", "{E9BBB5AC-63C0-4354-9215-5CD404AC0B11}"
EndProject
Global
	GlobalSection(SolutionConfigurationPlatforms) = preSolution
		Debug|Any CPU = Debug|Any CPU
		Release|Any CPU = Release|Any CPU
	EndGlobalSection
	GlobalSection(ProjectConfigurationPlatforms) = postSolution
		{E9BBB5AC-63C0-4354-9215-5CD404AC0B11}.Debug|Any CPU.ActiveCfg = Debug|Any CPU
		{E9BBB5AC-63C0-4354-9215-5CD404AC0B11}.Debug|Any CPU.Build.0 = Debug|Any CPU
		{E9BBB5AC-63C0-4354-9215-5CD404AC0B11}.Release|Any CPU.ActiveCfg = Release|Any CPU
		{E9BBB5AC-63C0-4354-9215-5CD404AC0B11}.Release|Any CPU.Build.0 = Release|Any CPU
	EndGlobalSection
	GlobalSection(SolutionProperties) = preSolution
		HideSolutionNode = FALSE
	EndGlobalSection
	GlobalSection(ExtensibilityGlobals) = postSolution
		SolutionGuid = {EE7A2215-8359-45BD-B699-BAAD90E27AE3}
	EndGlobalSection
EndGlobal
